
Microsoft Visual Studio Solution File, Format Version 12.00
# Visual Studio 15
VisualStudioVersion = 15.0.27428.2037
MinimumVisualStudioVersion = 10.0.40219.1
Project("{9A19103F-16F7-4668-BE54-9A1E7A4F7556}") = "LibraryAngular", "LibraryAngular\LibraryAngular.csproj", "{8142EB09-6C04-45A7-8050-95E29C42BC03}"
EndProject
Project("{9A19103F-16F7-4668-BE54-9A1E7A4F7556}") = "LibraryAngular.ViewModels", "LibraryAngular.ViewModels\LibraryAngular.ViewModels.csproj", "{E4BB2517-B77D-4E81-8946-303B53EAC4F2}"
EndProject
Project("{9A19103F-16F7-4668-BE54-9A1E7A4F7556}") = "LibraryAngular.DAL", "LibraryAngular.DAL\LibraryAngular.DAL.csproj", "{60DEF9E3-22BC-412B-AAA9-EEE80E0677C0}"
EndProject
Project("{9A19103F-16F7-4668-BE54-9A1E7A4F7556}") = "LibraryAngular.BLL", "LibraryAngular.BLL\LibraryAngular.BLL.csproj", "{3733BB0E-39AA-4E1F-8722-91824BC83790}"
EndProject
Project("{FAE04EC0-301F-11D3-BF4B-00C04F79EFBC}") = "LibraryAngular.Entities", "LibraryAngular.Entities\LibraryAngular.Entities.csproj", "{31EED3F1-9D73-4EBA-9138-9D84F4A678A4}"
EndProject
Global
	GlobalSection(SolutionConfigurationPlatforms) = preSolution
		Debug|Any CPU = Debug|Any CPU
		Release|Any CPU = Release|Any CPU
	EndGlobalSection
	GlobalSection(ProjectConfigurationPlatforms) = postSolution
		{8142EB09-6C04-45A7-8050-95E29C42BC03}.Debug|Any CPU.ActiveCfg = Debug|Any CPU
		{8142EB09-6C04-45A7-8050-95E29C42BC03}.Debug|Any CPU.Build.0 = Debug|Any CPU
		{8142EB09-6C04-45A7-8050-95E29C42BC03}.Release|Any CPU.ActiveCfg = Release|Any CPU
		{8142EB09-6C04-45A7-8050-95E29C42BC03}.Release|Any CPU.Build.0 = Release|Any CPU
		{E4BB2517-B77D-4E81-8946-303B53EAC4F2}.Debug|Any CPU.ActiveCfg = Debug|Any CPU
		{E4BB2517-B77D-4E81-8946-303B53EAC4F2}.Debug|Any CPU.Build.0 = Debug|Any CPU
		{E4BB2517-B77D-4E81-8946-303B53EAC4F2}.Release|Any CPU.ActiveCfg = Release|Any CPU
		{E4BB2517-B77D-4E81-8946-303B53EAC4F2}.Release|Any CPU.Build.0 = Release|Any CPU
		{60DEF9E3-22BC-412B-AAA9-EEE80E0677C0}.Debug|Any CPU.ActiveCfg = Debug|Any CPU
		{60DEF9E3-22BC-412B-AAA9-EEE80E0677C0}.Debug|Any CPU.Build.0 = Debug|Any CPU
		{60DEF9E3-22BC-412B-AAA9-EEE80E0677C0}.Release|Any CPU.ActiveCfg = Release|Any CPU
		{60DEF9E3-22BC-412B-AAA9-EEE80E0677C0}.Release|Any CPU.Build.0 = Release|Any CPU
		{3733BB0E-39AA-4E1F-8722-91824BC83790}.Debug|Any CPU.ActiveCfg = Debug|Any CPU
		{3733BB0E-39AA-4E1F-8722-91824BC83790}.Debug|Any CPU.Build.0 = Debug|Any CPU
		{3733BB0E-39AA-4E1F-8722-91824BC83790}.Release|Any CPU.ActiveCfg = Release|Any CPU
		{3733BB0E-39AA-4E1F-8722-91824BC83790}.Release|Any CPU.Build.0 = Release|Any CPU
		{31EED3F1-9D73-4EBA-9138-9D84F4A678A4}.Debug|Any CPU.ActiveCfg = Debug|Any CPU
		{31EED3F1-9D73-4EBA-9138-9D84F4A678A4}.Debug|Any CPU.Build.0 = Debug|Any CPU
		{31EED3F1-9D73-4EBA-9138-9D84F4A678A4}.Release|Any CPU.ActiveCfg = Release|Any CPU
		{31EED3F1-9D73-4EBA-9138-9D84F4A678A4}.Release|Any CPU.Build.0 = Release|Any CPU
	EndGlobalSection
	GlobalSection(SolutionProperties) = preSolution
		HideSolutionNode = FALSE
	EndGlobalSection
	GlobalSection(ExtensibilityGlobals) = postSolution
		SolutionGuid = {EEFA2807-7EA3-46ED-911A-BDF5726D3D24}
	EndGlobalSection
EndGlobal
